PODS:
  - Flutter (1.0.0)
  - whisper_flutter_new (0.0.1):
    - Flutter

DEPENDENCIES:
  - Flutter (from `Flutter`)
  - whisper_flutter_new (from `.symlinks/plugins/whisper_flutter_new/ios`)

EXTERNAL SOURCES:
  Flutter:
    :path: Flutter
  whisper_flutter_new:
    :path: ".symlinks/plugins/whisper_flutter_new/ios"

SPEC CHECKSUMS:
  Flutter: cabc95a1d2626b1b06e7179b784ebcf0c0cde467
  whisper_flutter_new: 9276535665f51f845831fe94859b2cccd0334a70

PODFILE CHECKSUM: 9580a49fa2c095d51100c20f258df867100b916b

COCOAPODS: 1.17.0
